
Microsoft Visual Studio Solution File, Format Version 12.00
# Visual Studio Version 16
VisualStudioVersion = 16.0.31410.357
MinimumVisualStudioVersion = 10.0.40219.1
Project("{FAE04EC0-301F-11D3-BF4B-00C04F79EFBC}") = "01.BasicStackOperations", "StacksAndQueues\01.BasicStackOperations.csproj", "{53AC698F-1AFA-4B53-9839-01FCE4612F1F}"
EndProject
Project("{FAE04EC0-301F-11D3-BF4B-00C04F79EFBC}") = "2.BasicQueueOperations", "2.BasicQueueOperations\2.BasicQueueOperations.csproj", "{9BEF9027-05A4-4983-AC32-B1AB647AF34B}"
EndProject
Project("{FAE04EC0-301F-11D3-BF4B-00C04F79EFBC}") = "3.MaximumAndMinimumElement", "3.MaximumAndMinimumElement\3.MaximumAndMinimumElement.csproj", "{A50D24A2-BFA4-4C83-99FE-3858323E1AC0}"
EndProject
Project("{FAE04EC0-301F-11D3-BF4B-00C04F79EFBC}") = "4.FastFood", "4.FastFood\4.FastFood.csproj", "{06B83416-6500-4F94-957F-6AE95A6531AB}"
EndProject
Project("{FAE04EC0-301F-11D3-BF4B-00C04F79EFBC}") = "5.FashionBoutique", "5.FashionBoutique\5.FashionBoutique.csproj", "{A0D1A0F3-F5AD-472F-A8EC-40BB005A5DCF}"
EndProject
Project("{FAE04EC0-301F-11D3-BF4B-00C04F79EFBC}") = "6.SongsQueue", "6.SongsQueue\6.SongsQueue.csproj", "{179BF112-2081-487D-A6BD-CD74C1764691}"
EndProject
Project("{FAE04EC0-301F-11D3-BF4B-00C04F79EFBC}") = "7.TruckTour", "7.TruckTour\7.TruckTour.csproj", "{E2855BF7-F5AF-47A2-9E05-8453359DB36D}"
EndProject
Project("{FAE04EC0-301F-11D3-BF4B-00C04F79EFBC}") = "8.BalancedParentheses", "8.BalancedParentheses\8.BalancedParentheses.csproj", "{41665F99-5227-4CDC-9D74-616958059F08}"
EndProject
Project("{FAE04EC0-301F-11D3-BF4B-00C04F79EFBC}") = "9.SimpleTextEditor", "9.SimpleTextEditor\9.SimpleTextEditor.csproj", "{DCB0CB73-C1BA-44C6-96A3-56E4ECB2F5C7}"
EndProject
Global
	GlobalSection(SolutionConfigurationPlatforms) = preSolution
		Debug|Any CPU = Debug|Any CPU
		Release|Any CPU = Release|Any CPU
	EndGlobalSection
	GlobalSection(ProjectConfigurationPlatforms) = postSolution
		{53AC698F-1AFA-4B53-9839-01FCE4612F1F}.Debug|Any CPU.ActiveCfg = Debug|Any CPU
		{53AC698F-1AFA-4B53-9839-01FCE4612F1F}.Debug|Any CPU.Build.0 = Debug|Any CPU
		{53AC698F-1AFA-4B53-9839-01FCE4612F1F}.Release|Any CPU.ActiveCfg = Release|Any CPU
		{53AC698F-1AFA-4B53-9839-01FCE4612F1F}.Release|Any CPU.Build.0 = Release|Any CPU
		{9BEF9027-05A4-4983-AC32-B1AB647AF34B}.Debug|Any CPU.ActiveCfg = Debug|Any CPU
		{9BEF9027-05A4-4983-AC32-B1AB647AF34B}.Debug|Any CPU.Build.0 = Debug|Any CPU
		{9BEF9027-05A4-4983-AC32-B1AB647AF34B}.Release|Any CPU.ActiveCfg = Release|Any CPU
		{9BEF9027-05A4-4983-AC32-B1AB647AF34B}.Release|Any CPU.Build.0 = Release|Any CPU
		{A50D24A2-BFA4-4C83-99FE-3858323E1AC0}.Debug|Any CPU.ActiveCfg = Debug|Any CPU
		{A50D24A2-BFA4-4C83-99FE-3858323E1AC0}.Debug|Any CPU.Build.0 = Debug|Any CPU
		{A50D24A2-BFA4-4C83-99FE-3858323E1AC0}.Release|Any CPU.ActiveCfg = Release|Any CPU
		{A50D24A2-BFA4-4C83-99FE-3858323E1AC0}.Release|Any CPU.Build.0 = Release|Any CPU
		{06B83416-6500-4F94-957F-6AE95A6531AB}.Debug|Any CPU.ActiveCfg = Debug|Any CPU
		{06B83416-6500-4F94-957F-6AE95A6531AB}.Debug|Any CPU.Build.0 = Debug|Any CPU
		{06B83416-6500-4F94-957F-6AE95A6531AB}.Release|Any CPU.ActiveCfg = Release|Any CPU
		{06B83416-6500-4F94-957F-6AE95A6531AB}.Release|Any CPU.Build.0 = Release|Any CPU
		{A0D1A0F3-F5AD-472F-A8EC-40BB005A5DCF}.Debug|Any CPU.ActiveCfg = Debug|Any CPU
		{A0D1A0F3-F5AD-472F-A8EC-40BB005A5DCF}.Debug|Any CPU.Build.0 = Debug|Any CPU
		{A0D1A0F3-F5AD-472F-A8EC-40BB005A5DCF}.Release|Any CPU.ActiveCfg = Release|Any CPU
		{A0D1A0F3-F5AD-472F-A8EC-40BB005A5DCF}.Release|Any CPU.Build.0 = Release|Any CPU
		{179BF112-2081-487D-A6BD-CD74C1764691}.Debug|Any CPU.ActiveCfg = Debug|Any CPU
		{179BF112-2081-487D-A6BD-CD74C1764691}.Debug|Any CPU.Build.0 = Debug|Any CPU
		{179BF112-2081-487D-A6BD-CD74C1764691}.Release|Any CPU.ActiveCfg = Release|Any CPU
		{179BF112-2081-487D-A6BD-CD74C1764691}.Release|Any CPU.Build.0 = Release|Any CPU
		{E2855BF7-F5AF-47A2-9E05-8453359DB36D}.Debug|Any CPU.ActiveCfg = Debug|Any CPU
		{E2855BF7-F5AF-47A2-9E05-8453359DB36D}.Debug|Any CPU.Build.0 = Debug|Any CPU
		{E2855BF7-F5AF-47A2-9E05-8453359DB36D}.Release|Any CPU.ActiveCfg = Release|Any CPU
		{E2855BF7-F5AF-47A2-9E05-8453359DB36D}.Release|Any CPU.Build.0 = Release|Any CPU
		{41665F99-5227-4CDC-9D74-616958059F08}.Debug|Any CPU.ActiveCfg = Debug|Any CPU
		{41665F99-5227-4CDC-9D74-616958059F08}.Debug|Any CPU.Build.0 = Debug|Any CPU
		{41665F99-5227-4CDC-9D74-616958059F08}.Release|Any CPU.ActiveCfg = Release|Any CPU
		{41665F99-5227-4CDC-9D74-616958059F08}.Release|Any CPU.Build.0 = Release|Any CPU
		{DCB0CB73-C1BA-44C6-96A3-56E4ECB2F5C7}.Debug|Any CPU.ActiveCfg = Debug|Any CPU
		{DCB0CB73-C1BA-44C6-96A3-56E4ECB2F5C7}.Debug|Any CPU.Build.0 = Debug|Any CPU
		{DCB0CB73-C1BA-44C6-96A3-56E4ECB2F5C7}.Release|Any CPU.ActiveCfg = Release|Any CPU
		{DCB0CB73-C1BA-44C6-96A3-56E4ECB2F5C7}.Release|Any CPU.Build.0 = Release|Any CPU
	EndGlobalSection
	GlobalSection(SolutionProperties) = preSolution
		HideSolutionNode = FALSE
	EndGlobalSection
	GlobalSection(ExtensibilityGlobals) = postSolution
		SolutionGuid = {29C52860-FD2B-4091-B8B3-BDE64F383CEC}
	EndGlobalSection
EndGlobal
